// !$*UTF8*$!
{
	archiveVersion = 1;
	classes = {
	};
	objectVersion = 50;
	objects = {

/* Begin PBXBuildFile section */
		8517CCFF242EC4A80034C5A8 /* AppDelegate.swift in Sources */ = {isa = PBXBuildFile; fileRef = 8517CCFE242EC4A80034C5A8 /* AppDelegate.swift */; };
		8517CD01242EC4A80034C5A8 /* DocumentBrowserViewController.swift in Sources */ = {isa = PBXBuildFile; fileRef = 8517CD00242EC4A80034C5A8 /* DocumentBrowserViewController.swift */; };
		8517CD05242EC4A80034C5A8 /* GalleryDocument.swift in Sources */ = {isa = PBXBuildFile; fileRef = 8517CD04242EC4A80034C5A8 /* GalleryDocument.swift */; };
		8517CD08242EC4A80034C5A8 /* Main.storyboard in Resources */ = {isa = PBXBuildFile; fileRef = 8517CD06242EC4A80034C5A8 /* Main.storyboard */; };
		8517CD0A242EC4AE0034C5A8 /* Assets.xcassets in Resources */ = {isa = PBXBuildFile; fileRef = 8517CD09242EC4AE0034C5A8 /* Assets.xcassets */; };
		8517CD0D242EC4AE0034C5A8 /* LaunchScreen.storyboard in Resources */ = {isa = PBXBuildFile; fileRef = 8517CD0B242EC4AE0034C5A8 /* LaunchScreen.storyboard */; };
		8517CD1A242ECA2A0034C5A8 /* ImageDetailViewController.swift in Sources */ = {isa = PBXBuildFile; fileRef = 8517CD15242ECA290034C5A8 /* ImageDetailViewController.swift */; };
		8517CD1B242ECA2A0034C5A8 /* Model.swift in Sources */ = {isa = PBXBuildFile; fileRef = 8517CD16242ECA290034C5A8 /* Model.swift */; };
		8517CD1C242ECA2A0034C5A8 /* ImageGalleryViewController.swift in Sources */ = {isa = PBXBuildFile; fileRef = 8517CD17242ECA290034C5A8 /* ImageGalleryViewController.swift */; };
		8517CD1D242ECA2A0034C5A8 /* Utilities.swift in Sources */ = {isa = PBXBuildFile; fileRef = 8517CD18242ECA2A0034C5A8 /* Utilities.swift */; };
		8517CD1E242ECA2A0034C5A8 /* GalleryImageCell.swift in Sources */ = {isa = PBXBuildFile; fileRef = 8517CD19242ECA2A0034C5A8 /* GalleryImageCell.swift */; };
/* End PBXBuildFile section */

/* Begin PBXFileReference section */
		8517CCFB242EC4A80034C5A8 /* PersistentImageGallery.app */ = {isa = PBXFileReference; explicitFileType = wrapper.application; includeInIndex = 0; path = PersistentImageGallery.app; sourceTree = BUILT_PRODUCTS_DIR; };
		8517CCFE242EC4A80034C5A8 /* AppDelegate.swift */ = {isa = PBXFileReference; lastKnownFileType = sourcecode.swift; path = AppDelegate.swift; sourceTree = "<group>"; };
		8517CD00242EC4A80034C5A8 /* DocumentBrowserViewController.swift */ = {isa = PBXFileReference; lastKnownFileType = sourcecode.swift; path = DocumentBrowserViewController.swift; sourceTree = "<group>"; };
		8517CD04242EC4A80034C5A8 /* GalleryDocument.swift */ = {isa = PBXFileReference; lastKnownFileType = sourcecode.swift; path = GalleryDocument.swift; sourceTree = "<group>"; };
		8517CD07242EC4A80034C5A8 /* Base */ = {isa = PBXFileReference; lastKnownFileType = file.storyboard; name = Base; path = Base.lproj/Main.storyboard; sourceTree = "<group>"; };
		8517CD09242EC4AE0034C5A8 /* Assets.xcassets */ = {isa = PBXFileReference; lastKnownFileType = folder.assetcatalog; path = Assets.xcassets; sourceTree = "<group>"; };
		8517CD0C242EC4AE0034C5A8 /* Base */ = {isa = PBXFileReference; lastKnownFileType = file.storyboard; name = Base; path = Base.lproj/LaunchScreen.storyboard; sourceTree = "<group>"; };
		8517CD0E242EC4AE0034C5A8 /* Info.plist */ = {isa = PBXFileReference; lastKnownFileType = text.plist.xml; path = Info.plist; sourceTree = "<group>"; };
		8517CD15242ECA290034C5A8 /* ImageDetailViewController.swift */ = {isa = PBXFileReference; fileEncoding = 4; lastKnownFileType = sourcecode.swift; name = ImageDetailViewController.swift; path = ../../ImageGallery/ImageGallery/ImageDetailViewController.swift; sourceTree = "<group>"; };
		8517CD16242ECA290034C5A8 /* Model.swift */ = {isa = PBXFileReference; fileEncoding = 4; lastKnownFileType = sourcecode.swift; name = Model.swift; path = ../../ImageGallery/ImageGallery/Model.swift; sourceTree = "<group>"; };
		8517CD17242ECA290034C5A8 /* ImageGalleryViewController.swift */ = {isa = PBXFileReference; fileEncoding = 4; lastKnownFileType = sourcecode.swift; name = ImageGalleryViewController.swift; path = ../../ImageGallery/ImageGallery/ImageGalleryViewController.swift; sourceTree = "<group>"; };
		8517CD18242ECA2A0034C5A8 /* Utilities.swift */ = {isa = PBXFileReference; fileEncoding = 4; lastKnownFileType = sourcecode.swift; name = Utilities.swift; path = ../../ImageGallery/ImageGallery/Utilities.swift; sourceTree = "<group>"; };
		8517CD19242ECA2A0034C5A8 /* GalleryImageCell.swift */ = {isa = PBXFileReference; fileEncoding = 4; lastKnownFileType = sourcecode.swift; name = GalleryImageCell.swift; path = ../../ImageGallery/ImageGallery/GalleryImageCell.swift; sourceTree = "<group>"; };
/* End PBXFileReference section */

/* Begin PBXFrameworksBuildPhase section */
		8517CCF8242EC4A80034C5A8 /* Frameworks */ = {
			isa = PBXFrameworksBuildPhase;
			buildActionMask = 2147483647;
			files = (
			);
			runOnlyForDeploymentPostprocessing = 0;
		};
/* End PBXFrameworksBuildPhase section */

/* Begin PBXGroup section */
		8517CCF2242EC4A70034C5A8 = {
			isa = PBXGroup;
			children = (
				8517CCFD242EC4A80034C5A8 /* PersistentImageGallery */,
				8517CCFC242EC4A80034C5A8 /* Products */,
			);
			sourceTree = "<group>";
		};
		8517CCFC242EC4A80034C5A8 /* Products */ = {
			isa = PBXGroup;
			children = (
				8517CCFB242EC4A80034C5A8 /* PersistentImageGallery.app */,
			);
			name = Products;
			sourceTree = "<group>";
		};
		8517CCFD242EC4A80034C5A8 /* PersistentImageGallery */ = {
			isa = PBXGroup;
			children = (
				8517CD14242EC5B70034C5A8 /* Supporting Files */,
				8517CD00242EC4A80034C5A8 /* DocumentBrowserViewController.swift */,
				8517CD19242ECA2A0034C5A8 /* GalleryImageCell.swift */,
				8517CD15242ECA290034C5A8 /* ImageDetailViewController.swift */,
				8517CD17242ECA290034C5A8 /* ImageGalleryViewController.swift */,
				8517CD16242ECA290034C5A8 /* Model.swift */,
				8517CD18242ECA2A0034C5A8 /* Utilities.swift */,
				8517CD04242EC4A80034C5A8 /* GalleryDocument.swift */,
				8517CD06242EC4A80034C5A8 /* Main.storyboard */,
				8517CD0E242EC4AE0034C5A8 /* Info.plist */,
			);
			path = PersistentImageGallery;
			sourceTree = "<group>";
		};
		8517CD14242EC5B70034C5A8 /* Supporting Files */ = {
			isa = PBXGroup;
			children = (
				8517CCFE242EC4A80034C5A8 /* AppDelegate.swift */,
				8517CD09242EC4AE0034C5A8 /* Assets.xcassets */,
				8517CD0B242EC4AE0034C5A8 /* LaunchScreen.storyboard */,
			);
			path = "Supporting Files";
			sourceTree = "<group>";
		};
/* End PBXGroup section */

/* Begin PBXNativeTarget section */
		8517CCFA242EC4A80034C5A8 /* PersistentImageGallery */ = {
			isa = PBXNativeTarget;
			buildConfigurationList = 8517CD11242EC4AE0034C5A8 /* Build configuration list for PBXNativeTarget "PersistentImageGallery" */;
			buildPhases = (
				8517CCF7242EC4A80034C5A8 /* Sources */,
				8517CCF8242EC4A80034C5A8 /* Frameworks */,
				8517CCF9242EC4A80034C5A8 /* Resources */,
			);
			buildRules = (
			);
			dependencies = (
			);
			name = PersistentImageGallery;
			productName = PersistentImageGallery;
			productReference = 8517CCFB242EC4A80034C5A8 /* PersistentImageGallery.app */;
			productType = "com.apple.product-type.application";
		};
/* End PBXNativeTarget section */

/* Begin PBXProject section */
		8517CCF3242EC4A70034C5A8 /* Project object */ = {
			isa = PBXProject;
			attributes = {
				LastSwiftUpdateCheck = 1130;
				LastUpgradeCheck = 1130;
				ORGANIZATIONNAME = Self;
				TargetAttributes = {
					8517CCFA242EC4A80034C5A8 = {
						CreatedOnToolsVersion = 11.3.1;
					};
				};
			};
			buildConfigurationList = 8517CCF6242EC4A70034C5A8 /* Build configuration list for PBXProject "PersistentImageGallery" */;
			compatibilityVersion = "Xcode 9.3";
			developmentRegion = en;
			hasScannedForEncodings = 0;
			knownRegions = (
				en,
				Base,
			);
			mainGroup = 8517CCF2242EC4A70034C5A8;
			productRefGroup = 8517CCFC242EC4A80034C5A8 /* Products */;
			projectDirPath = "";
			projectRoot = "";
			targets = (
				8517CCFA242EC4A80034C5A8 /* PersistentImageGallery */,
			);
		};
/* End PBXProject section */

/* Begin PBXResourcesBuildPhase section */
		8517CCF9242EC4A80034C5A8 /* Resources */ = {
			isa = PBXResourcesBuildPhase;
			buildActionMask = 2147483647;
			files = (
				8517CD0D242EC4AE0034C5A8 /* LaunchScreen.storyboard in Resources */,
				8517CD0A242EC4AE0034C5A8 /* Assets.xcassets in Resources */,
				8517CD08242EC4A80034C5A8 /* Main.storyboard in Resources */,
			);
			runOnlyForDeploymentPostprocessing = 0;
		};
/* End PBXResourcesBuildPhase section */

/* Begin PBXSourcesBuildPhase section */
		8517CCF7242EC4A80034C5A8 /* Sources */ = {
			isa = PBXSourcesBuildPhase;
			buildActionMask = 2147483647;
			files = (
				8517CD1B242ECA2A0034C5A8 /* Model.swift in Sources */,
				8517CD05242EC4A80034C5A8 /* GalleryDocument.swift in Sources */,
				8517CD1D242ECA2A0034C5A8 /* Utilities.swift in Sources */,
				8517CD1C242ECA2A0034C5A8 /* ImageGalleryViewController.swift in Sources */,
				8517CD1E242ECA2A0034C5A8 /* GalleryImageCell.swift in Sources */,
				8517CD01242EC4A80034C5A8 /* DocumentBrowserViewController.swift in Sources */,
				8517CCFF242EC4A80034C5A8 /* AppDelegate.swift in Sources */,
				8517CD1A242ECA2A0034C5A8 /* ImageDetailViewController.swift in Sources */,
			);
			runOnlyForDeploymentPostprocessing = 0;
		};
/* End PBXSourcesBuildPhase section */

/* Begin PBXVariantGroup section */
		8517CD06242EC4A80034C5A8 /* Main.storyboard */ = {
			isa = PBXVariantGroup;
			children = (
				8517CD07242EC4A80034C5A8 /* Base */,
			);
			name = Main.storyboard;
			sourceTree = "<group>";
		};
		8517CD0B242EC4AE0034C5A8 /* LaunchScreen.storyboard */ = {
			isa = PBXVariantGroup;
			children = (
				8517CD0C242EC4AE0034C5A8 /* Base */,
			);
			name = LaunchScreen.storyboard;
			sourceTree = "<group>";
		};
/* End PBXVariantGroup section */

/* Begin XCBuildConfiguration section */
		8517CD0F242EC4AE0034C5A8 /* Debug */ = {
			isa = XCBuildConfiguration;
			buildSettings = {
				ALWAYS_SEARCH_USER_PATHS = NO;
				CLANG_ANALYZER_NONNULL = YES;
				CLANG_ANALYZER_NUMBER_OBJECT_CONVERSION = YES_AGGRESSIVE;
				CLANG_CXX_LANGUAGE_STANDARD = "gnu++14";
				CLANG_CXX_LIBRARY = "libc++";
				CLANG_ENABLE_MODULES = YES;
				CLANG_ENABLE_OBJC_ARC = YES;
				CLANG_ENABLE_OBJC_WEAK = YES;
				CLANG_WARN_BLOCK_CAPTURE_AUTORELEASING = YES;
				CLANG_WARN_BOOL_CONVERSION = YES;
				CLANG_WARN_COMMA = YES;
				CLANG_WARN_CONSTANT_CONVERSION = YES;
				CLANG_WARN_DEPRECATED_OBJC_IMPLEMENTATIONS = YES;
				CLANG_WARN_DIRECT_OBJC_ISA_USAGE = YES_ERROR;
				CLANG_WARN_DOCUMENTATION_COMMENTS = YES;
				CLANG_WARN_EMPTY_BODY = YES;
				CLANG_WARN_ENUM_CONVERSION = YES;
				CLANG_WARN_INFINITE_RECURSION = YES;
				CLANG_WARN_INT_CONVERSION = YES;
				CLANG_WARN_NON_LITERAL_NULL_CONVERSION = YES;
				CLANG_WARN_OBJC_IMPLICIT_RETAIN_SELF = YES;
				CLANG_WARN_OBJC_LITERAL_CONVERSION = YES;
				CLANG_WARN_OBJC_ROOT_CLASS = YES_ERROR;
				CLANG_WARN_RANGE_LOOP_ANALYSIS = YES;
				CLANG_WARN_STRICT_PROTOTYPES = YES;
				CLANG_WARN_SUSPICIOUS_MOVE = YES;
				CLANG_WARN_UNGUARDED_AVAILABILITY = YES_AGGRESSIVE;
				CLANG_WARN_UNREACHABLE_CODE = YES;
				CLANG_WARN__DUPLICATE_METHOD_MATCH = YES;
				COPY_PHASE_STRIP = NO;
				DEBUG_INFORMATION_FORMAT = dwarf;
				ENABLE_STRICT_OBJC_MSGSEND = YES;
				ENABLE_TESTABILITY = YES;
				GCC_C_LANGUAGE_STANDARD = gnu11;
				GCC_DYNAMIC_NO_PIC = NO;
				GCC_NO_COMMON_BLOCKS = YES;
				GCC_OPTIMIZATION_LEVEL = 0;
				GCC_PREPROCESSOR_DEFINITIONS = (
					"DEBUG=1",
					"$(inherited)",
				);
				GCC_WARN_64_TO_32_BIT_CONVERSION = YES;
				GCC_WARN_ABOUT_RETURN_TYPE = YES_ERROR;
				GCC_WARN_UNDECLARED_SELECTOR = YES;
				GCC_WARN_UNINITIALIZED_AUTOS = YES_AGGRESSIVE;
				GCC_WARN_UNUSED_FUNCTION = YES;
				GCC_WARN_UNUSED_VARIABLE = YES;
				IPHONEOS_DEPLOYMENT_TARGET = 13.2;
				MTL_ENABLE_DEBUG_INFO = INCLUDE_SOURCE;
				MTL_FAST_MATH = YES;
				ONLY_ACTIVE_ARCH = YES;
				SDKROOT = iphoneos;
				SWIFT_ACTIVE_COMPILATION_CONDITIONS = DEBUG;
				SWIFT_OPTIMIZATION_LEVEL = "-Onone";
			};
			name = Debug;
		};
		8517CD10242EC4AE0034C5A8 /* Release */ = {
			isa = XCBuildConfiguration;
			buildSettings = {
				ALWAYS_SEARCH_USER_PATHS = NO;
				CLANG_ANALYZER_NONNULL = YES;
				CLANG_ANALYZER_NUMBER_OBJECT_CONVERSION = YES_AGGRESSIVE;
				CLANG_CXX_LANGUAGE_STANDARD = "gnu++14";
				CLANG_CXX_LIBRARY = "libc++";
				CLANG_ENABLE_MODULES = YES;
				CLANG_ENABLE_OBJC_ARC = YES;
				CLANG_ENABLE_OBJC_WEAK = YES;
				CLANG_WARN_BLOCK_CAPTURE_AUTORELEASING = YES;
				CLANG_WARN_BOOL_CONVERSION = YES;
				CLANG_WARN_COMMA = YES;
				CLANG_WARN_CONSTANT_CONVERSION = YES;
				CLANG_WARN_DEPRECATED_OBJC_IMPLEMENTATIONS = YES;
				CLANG_WARN_DIRECT_OBJC_ISA_USAGE = YES_ERROR;
				CLANG_WARN_DOCUMENTATION_COMMENTS = YES;
				CLANG_WARN_EMPTY_BODY = YES;
				CLANG_WARN_ENUM_CONVERSION = YES;
				CLANG_WARN_INFINITE_RECURSION = YES;
				CLANG_WARN_INT_CONVERSION = YES;
				CLANG_WARN_NON_LITERAL_NULL_CONVERSION = YES;
				CLANG_WARN_OBJC_IMPLICIT_RETAIN_SELF = YES;
				CLANG_WARN_OBJC_LITERAL_CONVERSION = YES;
				CLANG_WARN_OBJC_ROOT_CLASS = YES_ERROR;
				CLANG_WARN_RANGE_LOOP_ANALYSIS = YES;
				CLANG_WARN_STRICT_PROTOTYPES = YES;
				CLANG_WARN_SUSPICIOUS_MOVE = YES;
				CLANG_WARN_UNGUARDED_AVAILABILITY = YES_AGGRESSIVE;
				CLANG_WARN_UNREACHABLE_CODE = YES;
				CLANG_WARN__DUPLICATE_METHOD_MATCH = YES;
				COPY_PHASE_STRIP = NO;
				DEBUG_INFORMATION_FORMAT = "dwarf-with-dsym";
				ENABLE_NS_ASSERTIONS = NO;
				ENABLE_STRICT_OBJC_MSGSEND = YES;
				GCC_C_LANGUAGE_STANDARD = gnu11;
				GCC_NO_COMMON_BLOCKS = YES;
				GCC_WARN_64_TO_32_BIT_CONVERSION = YES;
				GCC_WARN_ABOUT_RETURN_TYPE = YES_ERROR;
				GCC_WARN_UNDECLARED_SELECTOR = YES;
				GCC_WARN_UNINITIALIZED_AUTOS = YES_AGGRESSIVE;
				GCC_WARN_UNUSED_FUNCTION = YES;
				GCC_WARN_UNUSED_VARIABLE = YES;
				IPHONEOS_DEPLOYMENT_TARGET = 13.2;
				MTL_ENABLE_DEBUG_INFO = NO;
				MTL_FAST_MATH = YES;
				SDKROOT = iphoneos;
				SWIFT_COMPILATION_MODE = wholemodule;
				SWIFT_OPTIMIZATION_LEVEL = "-O";
				VALIDATE_PRODUCT = YES;
			};
			name = Release;
		};
		8517CD12242EC4AE0034C5A8 /* Debug */ = {
			isa = XCBuildConfiguration;
			buildSettings = {
				ASSETCATALOG_COMPILER_APPICON_NAME = AppIcon;
				CODE_SIGN_STYLE = Automatic;
				DEVELOPMENT_TEAM = J69Q2Q6XRR;
				INFOPLIST_FILE = PersistentImageGallery/Info.plist;
				LD_RUNPATH_SEARCH_PATHS = (
					"$(inherited)",
					"@executable_path/Frameworks",
				);
				PRODUCT_BUNDLE_IDENTIFIER = Self.PersistentImageGallery;
				PRODUCT_NAME = "$(TARGET_NAME)";
				SWIFT_VERSION = 5.0;
				TARGETED_DEVICE_FAMILY = "1,2";
			};
			name = Debug;
		};
		8517CD13242EC4AE0034C5A8 /* Release */ = {
			isa = XCBuildConfiguration;
			buildSettings = {
				ASSETCATALOG_COMPILER_APPICON_NAME = AppIcon;
				CODE_SIGN_STYLE = Automatic;
				DEVELOPMENT_TEAM = J69Q2Q6XRR;
				INFOPLIST_FILE = PersistentImageGallery/Info.plist;
				LD_RUNPATH_SEARCH_PATHS = (
					"$(inherited)",
					"@executable_path/Frameworks",
				);
				PRODUCT_BUNDLE_IDENTIFIER = Self.PersistentImageGallery;
				PRODUCT_NAME = "$(TARGET_NAME)";
				SWIFT_VERSION = 5.0;
				TARGETED_DEVICE_FAMILY = "1,2";
			};
			name = Release;
		};
/* End XCBuildConfiguration section */

/* Begin XCConfigurationList section */
		8517CCF6242EC4A70034C5A8 /* Build configuration list for PBXProject "PersistentImageGallery" */ = {
			isa = XCConfigurationList;
			buildConfigurations = (
				8517CD0F242EC4AE0034C5A8 /* Debug */,
				8517CD10242EC4AE0034C5A8 /* Release */,
			);
			defaultConfigurationIsVisible = 0;
			defaultConfigurationName = Release;
		};
		8517CD11242EC4AE0034C5A8 /* Build configuration list for PBXNativeTarget "PersistentImageGallery" */ = {
			isa = XCConfigurationList;
			buildConfigurations = (
				8517CD12242EC4AE0034C5A8 /* Debug */,
				8517CD13242EC4AE0034C5A8 /* Release */,
			);
			defaultConfigurationIsVisible = 0;
			defaultConfigurationName = Release;
		};
/* End XCConfigurationList section */
	};
	rootObject = 8517CCF3242EC4A70034C5A8 /* Project object */;
}
